
Microsoft Visual Studio Solution File, Format Version 12.00
# Visual Studio 15
VisualStudioVersion = 15.0.28010.2041
MinimumVisualStudioVersion = 10.0.40219.1
Project("{8BC9CEB8-8B4A-11D0-8D11-00A0C91BC942}") = "EjerciciosCapitulo3", "EjerciciosCapitulo3\EjerciciosCapitulo3.vcxproj", "{D255646F-ED6F-420B-BB82-175FF6F4AF84}"
EndProject
Global
	GlobalSection(SolutionConfigurationPlatforms) = preSolution
		Debug|x64 = Debug|x64
		Debug|x86 = Debug|x86
		Release|x64 = Release|x64
		Release|x86 = Release|x86
	EndGlobalSection
	GlobalSection(ProjectConfigurationPlatforms) = postSolution
		{D255646F-ED6F-420B-BB82-175FF6F4AF84}.Debug|x64.ActiveCfg = Debug|x64
		{D255646F-ED6F-420B-BB82-175FF6F4AF84}.Debug|x64.Build.0 = Debug|x64
		{D255646F-ED6F-420B-BB82-175FF6F4AF84}.Debug|x86.ActiveCfg = Debug|Win32
		{D255646F-ED6F-420B-BB82-175FF6F4AF84}.Debug|x86.Build.0 = Debug|Win32
		{D255646F-ED6F-420B-BB82-175FF6F4AF84}.Release|x64.ActiveCfg = Release|x64
		{D255646F-ED6F-420B-BB82-175FF6F4AF84}.Release|x64.Build.0 = Release|x64
		{D255646F-ED6F-420B-BB82-175FF6F4AF84}.Release|x86.ActiveCfg = Release|Win32
		{D255646F-ED6F-420B-BB82-175FF6F4AF84}.Release|x86.Build.0 = Release|Win32
	EndGlobalSection
	GlobalSection(SolutionProperties) = preSolution
		HideSolutionNode = FALSE
	EndGlobalSection
	GlobalSection(ExtensibilityGlobals) = postSolution
		SolutionGuid = {CAB23D83-86B0-4F38-825D-7B47EA219E01}
	EndGlobalSection
EndGlobal
